
Microsoft Visual Studio Solution File, Format Version 12.00
# Visual Studio Version 17
VisualStudioVersion = 17.5.2.0
MinimumVisualStudioVersion = 10.0.40219.1
Project("{FAE04EC0-301F-11D3-BF4B-00C04F79EFBC}") = "VideoEnricher", "video-enricher\VideoEnricher.csproj", "{C95FBCD4-D516-6A00-799C-58A31C458ADE}"
EndProject
Project("{2150E333-8FDC-42A3-9474-1A3956D46DE8}") = "Tests", "Tests", "{0AB3BF05-4346-4AA6-1389-037BE0695223}"
EndProject
Project("{FAE04EC0-301F-11D3-BF4B-00C04F79EFBC}") = "VideoEnricher.Tests", "Tests\VideoEnricher.Tests\VideoEnricher.Tests.csproj", "{2818C073-BD09-41CF-ADE5-EADE48C8E8A0}"
EndProject
Global
	GlobalSection(SolutionConfigurationPlatforms) = preSolution
		Debug|Any CPU = Debug|Any CPU
		Debug|x64 = Debug|x64
		Debug|x86 = Debug|x86
		Release|Any CPU = Release|Any CPU
		Release|x64 = Release|x64
		Release|x86 = Release|x86
	EndGlobalSection
	GlobalSection(ProjectConfigurationPlatforms) = postSolution
		{C95FBCD4-D516-6A00-799C-58A31C458ADE}.Debug|Any CPU.ActiveCfg = Debug|Any CPU
		{C95FBCD4-D516-6A00-799C-58A31C458ADE}.Debug|Any CPU.Build.0 = Debug|Any CPU
		{C95FBCD4-D516-6A00-799C-58A31C458ADE}.Debug|x64.ActiveCfg = Debug|Any CPU
		{C95FBCD4-D516-6A00-799C-58A31C458ADE}.Debug|x64.Build.0 = Debug|Any CPU
		{C95FBCD4-D516-6A00-799C-58A31C458ADE}.Debug|x86.ActiveCfg = Debug|Any CPU
		{C95FBCD4-D516-6A00-799C-58A31C458ADE}.Debug|x86.Build.0 = Debug|Any CPU
		{C95FBCD4-D516-6A00-799C-58A31C458ADE}.Release|Any CPU.ActiveCfg = Release|Any CPU
		{C95FBCD4-D516-6A00-799C-58A31C458ADE}.Release|Any CPU.Build.0 = Release|Any CPU
		{C95FBCD4-D516-6A00-799C-58A31C458ADE}.Release|x64.ActiveCfg = Release|Any CPU
		{C95FBCD4-D516-6A00-799C-58A31C458ADE}.Release|x64.Build.0 = Release|Any CPU
		{C95FBCD4-D516-6A00-799C-58A31C458ADE}.Release|x86.ActiveCfg = Release|Any CPU
		{C95FBCD4-D516-6A00-799C-58A31C458ADE}.Release|x86.Build.0 = Release|Any CPU
		{2818C073-BD09-41CF-ADE5-EADE48C8E8A0}.Debug|Any CPU.ActiveCfg = Debug|Any CPU
		{2818C073-BD09-41CF-ADE5-EADE48C8E8A0}.Debug|Any CPU.Build.0 = Debug|Any CPU
		{2818C073-BD09-41CF-ADE5-EADE48C8E8A0}.Debug|x64.ActiveCfg = Debug|Any CPU
		{2818C073-BD09-41CF-ADE5-EADE48C8E8A0}.Debug|x64.Build.0 = Debug|Any CPU
		{2818C073-BD09-41CF-ADE5-EADE48C8E8A0}.Debug|x86.ActiveCfg = Debug|Any CPU
		{2818C073-BD09-41CF-ADE5-EADE48C8E8A0}.Debug|x86.Build.0 = Debug|Any CPU
		{2818C073-BD09-41CF-ADE5-EADE48C8E8A0}.Release|Any CPU.ActiveCfg = Release|Any CPU
		{2818C073-BD09-41CF-ADE5-EADE48C8E8A0}.Release|Any CPU.Build.0 = Release|Any CPU
		{2818C073-BD09-41CF-ADE5-EADE48C8E8A0}.Release|x64.ActiveCfg = Release|Any CPU
		{2818C073-BD09-41CF-ADE5-EADE48C8E8A0}.Release|x64.Build.0 = Release|Any CPU
		{2818C073-BD09-41CF-ADE5-EADE48C8E8A0}.Release|x86.ActiveCfg = Release|Any CPU
		{2818C073-BD09-41CF-ADE5-EADE48C8E8A0}.Release|x86.Build.0 = Release|Any CPU
	EndGlobalSection
	GlobalSection(SolutionProperties) = preSolution
		HideSolutionNode = FALSE
	EndGlobalSection
	GlobalSection(NestedProjects) = preSolution
		{2818C073-BD09-41CF-ADE5-EADE48C8E8A0} = {0AB3BF05-4346-4AA6-1389-037BE0695223}
	EndGlobalSection
	GlobalSection(ExtensibilityGlobals) = postSolution
		SolutionGuid = {0C8092C0-1DDA-45CA-84D2-587787C2C353}
	EndGlobalSection
EndGlobal
